
Microsoft Visual Studio Solution File, Format Version 12.00
# Visual Studio Version 17
VisualStudioVersion = 17.10.35013.160
MinimumVisualStudioVersion = 10.0.40219.1
Project("{9A19103F-16F7-4668-BE54-9A1E7A4F7556}") = "AwaitMultiple", "AwaitMultiple\AwaitMultiple.csproj", "{AD99F598-B0AF-4C50-86A4-77E1F70B534C}"
EndProject
Project("{FAE04EC0-301F-11D3-BF4B-00C04F79EFBC}") = "AwaitMultiple.Tests", "AwaitMultiple.Tests\AwaitMultiple.Tests.csproj", "{FCD0B9FF-B6F2-4A1E-A77D-1DD5536CD5D8}"
EndProject
Global
	GlobalSection(SolutionConfigurationPlatforms) = preSolution
		Debug|Any CPU = Debug|Any CPU
		Release|Any CPU = Release|Any CPU
	EndGlobalSection
	GlobalSection(ProjectConfigurationPlatforms) = postSolution
		{AD99F598-B0AF-4C50-86A4-77E1F70B534C}.Debug|Any CPU.ActiveCfg = Debug|Any CPU
		{AD99F598-B0AF-4C50-86A4-77E1F70B534C}.Debug|Any CPU.Build.0 = Debug|Any CPU
		{AD99F598-B0AF-4C50-86A4-77E1F70B534C}.Release|Any CPU.ActiveCfg = Release|Any CPU
		{AD99F598-B0AF-4C50-86A4-77E1F70B534C}.Release|Any CPU.Build.0 = Release|Any CPU
		{FCD0B9FF-B6F2-4A1E-A77D-1DD5536CD5D8}.Debug|Any CPU.ActiveCfg = Debug|Any CPU
		{FCD0B9FF-B6F2-4A1E-A77D-1DD5536CD5D8}.Debug|Any CPU.Build.0 = Debug|Any CPU
		{FCD0B9FF-B6F2-4A1E-A77D-1DD5536CD5D8}.Release|Any CPU.ActiveCfg = Release|Any CPU
		{FCD0B9FF-B6F2-4A1E-A77D-1DD5536CD5D8}.Release|Any CPU.Build.0 = Release|Any CPU
	EndGlobalSection
	GlobalSection(SolutionProperties) = preSolution
		HideSolutionNode = FALSE
	EndGlobalSection
	GlobalSection(ExtensibilityGlobals) = postSolution
		SolutionGuid = {3161EC4A-7F62-42A4-A2C7-2CB86B616B9F}
	EndGlobalSection
EndGlobal
